// !$*UTF8*$!
{
	archiveVersion = 1;
	classes = {
	};
	objectVersion = 56;
	objects = {

/* Begin PBXBuildFile section */
		56BD72282A7AC4F500693880 /* Day37_Project_7_part_2_gitApp.swift in Sources */ = {isa = PBXBuildFile; fileRef = 56BD72272A7AC4F500693880 /* Day37_Project_7_part_2_gitApp.swift */; };
		56BD722A2A7AC4F500693880 /* ContentView.swift in Sources */ = {isa = PBXBuildFile; fileRef = 56BD72292A7AC4F500693880 /* ContentView.swift */; };
		56BD722C2A7AC4F800693880 /* Assets.xcassets in Resources */ = {isa = PBXBuildFile; fileRef = 56BD722B2A7AC4F800693880 /* Assets.xcassets */; };
		56BD722F2A7AC4F800693880 /* Preview Assets.xcassets in Resources */ = {isa = PBXBuildFile; fileRef = 56BD722E2A7AC4F800693880 /* Preview Assets.xcassets */; };
		56BD72362A7AC67F00693880 /* SpesenPosten.swift in Sources */ = {isa = PBXBuildFile; fileRef = 56BD72352A7AC67E00693880 /* SpesenPosten.swift */; };
		56BD72382A7AC81900693880 /* Kosten.swift in Sources */ = {isa = PBXBuildFile; fileRef = 56BD72372A7AC81900693880 /* Kosten.swift */; };
		56BD723A2A7D766800693880 /* AddView.swift in Sources */ = {isa = PBXBuildFile; fileRef = 56BD72392A7D766800693880 /* AddView.swift */; };
/* End PBXBuildFile section */

/* Begin PBXFileReference section */
		56BD72242A7AC4F500693880 /* Day37_Project-7_part_2.git.app */ = {isa = PBXFileReference; explicitFileType = wrapper.application; includeInIndex = 0; path = "Day37_Project-7_part_2.git.app"; sourceTree = BUILT_PRODUCTS_DIR; };
		56BD72272A7AC4F500693880 /* Day37_Project_7_part_2_gitApp.swift */ = {isa = PBXFileReference; lastKnownFileType = sourcecode.swift; path = Day37_Project_7_part_2_gitApp.swift; sourceTree = "<group>"; };
		56BD72292A7AC4F500693880 /* ContentView.swift */ = {isa = PBXFileReference; lastKnownFileType = sourcecode.swift; path = ContentView.swift; sourceTree = "<group>"; };
		56BD722B2A7AC4F800693880 /* Assets.xcassets */ = {isa = PBXFileReference; lastKnownFileType = folder.assetcatalog; path = Assets.xcassets; sourceTree = "<group>"; };
		56BD722E2A7AC4F800693880 /* Preview Assets.xcassets */ = {isa = PBXFileReference; lastKnownFileType = folder.assetcatalog; path = "Preview Assets.xcassets"; sourceTree = "<group>"; };
		56BD72352A7AC67E00693880 /* SpesenPosten.swift */ = {isa = PBXFileReference; lastKnownFileType = sourcecode.swift; path = SpesenPosten.swift; sourceTree = "<group>"; };
		56BD72372A7AC81900693880 /* Kosten.swift */ = {isa = PBXFileReference; lastKnownFileType = sourcecode.swift; path = Kosten.swift; sourceTree = "<group>"; };
		56BD72392A7D766800693880 /* AddView.swift */ = {isa = PBXFileReference; lastKnownFileType = sourcecode.swift; path = AddView.swift; sourceTree = "<group>"; };
/* End PBXFileReference section */

/* Begin PBXFrameworksBuildPhase section */
		56BD72212A7AC4F500693880 /* Frameworks */ = {
			isa = PBXFrameworksBuildPhase;
			buildActionMask = 2147483647;
			files = (
			);
			runOnlyForDeploymentPostprocessing = 0;
		};
/* End PBXFrameworksBuildPhase section */

/* Begin PBXGroup section */
		56BD721B2A7AC4F500693880 = {
			isa = PBXGroup;
			children = (
				56BD72262A7AC4F500693880 /* Day37_Project-7_part_2.git */,
				56BD72252A7AC4F500693880 /* Products */,
			);
			sourceTree = "<group>";
		};
		56BD72252A7AC4F500693880 /* Products */ = {
			isa = PBXGroup;
			children = (
				56BD72242A7AC4F500693880 /* Day37_Project-7_part_2.git.app */,
			);
			name = Products;
			sourceTree = "<group>";
		};
		56BD72262A7AC4F500693880 /* Day37_Project-7_part_2.git */ = {
			isa = PBXGroup;
			children = (
				56BD72272A7AC4F500693880 /* Day37_Project_7_part_2_gitApp.swift */,
				56BD72292A7AC4F500693880 /* ContentView.swift */,
				56BD72392A7D766800693880 /* AddView.swift */,
				56BD72352A7AC67E00693880 /* SpesenPosten.swift */,
				56BD72372A7AC81900693880 /* Kosten.swift */,
				56BD722B2A7AC4F800693880 /* Assets.xcassets */,
				56BD722D2A7AC4F800693880 /* Preview Content */,
			);
			path = "Day37_Project-7_part_2.git";
			sourceTree = "<group>";
		};
		56BD722D2A7AC4F800693880 /* Preview Content */ = {
			isa = PBXGroup;
			children = (
				56BD722E2A7AC4F800693880 /* Preview Assets.xcassets */,
			);
			path = "Preview Content";
			sourceTree = "<group>";
		};
/* End PBXGroup section */

/* Begin PBXNativeTarget section */
		56BD72232A7AC4F500693880 /* Day37_Project-7_part_2.git */ = {
			isa = PBXNativeTarget;
			buildConfigurationList = 56BD72322A7AC4F800693880 /* Build configuration list for PBXNativeTarget "Day37_Project-7_part_2.git" */;
			buildPhases = (
				56BD72202A7AC4F500693880 /* Sources */,
				56BD72212A7AC4F500693880 /* Frameworks */,
				56BD72222A7AC4F500693880 /* Resources */,
			);
			buildRules = (
			);
			dependencies = (
			);
			name = "Day37_Project-7_part_2.git";
			productName = "Day37_Project-7_part_2.git";
			productReference = 56BD72242A7AC4F500693880 /* Day37_Project-7_part_2.git.app */;
			productType = "com.apple.product-type.application";
		};
/* End PBXNativeTarget section */

/* Begin PBXProject section */
		56BD721C2A7AC4F500693880 /* Project object */ = {
			isa = PBXProject;
			attributes = {
				BuildIndependentTargetsInParallel = 1;
				LastSwiftUpdateCheck = 1430;
				LastUpgradeCheck = 1430;
				TargetAttributes = {
					56BD72232A7AC4F500693880 = {
						CreatedOnToolsVersion = 14.3.1;
					};
				};
			};
			buildConfigurationList = 56BD721F2A7AC4F500693880 /* Build configuration list for PBXProject "Day37_Project-7_part_2.git" */;
			compatibilityVersion = "Xcode 14.0";
			developmentRegion = en;
			hasScannedForEncodings = 0;
			knownRegions = (
				en,
				Base,
			);
			mainGroup = 56BD721B2A7AC4F500693880;
			productRefGroup = 56BD72252A7AC4F500693880 /* Products */;
			projectDirPath = "";
			projectRoot = "";
			targets = (
				56BD72232A7AC4F500693880 /* Day37_Project-7_part_2.git */,
			);
		};
/* End PBXProject section */

/* Begin PBXResourcesBuildPhase section */
		56BD72222A7AC4F500693880 /* Resources */ = {
			isa = PBXResourcesBuildPhase;
			buildActionMask = 2147483647;
			files = (
				56BD722F2A7AC4F800693880 /* Preview Assets.xcassets in Resources */,
				56BD722C2A7AC4F800693880 /* Assets.xcassets in Resources */,
			);
			runOnlyForDeploymentPostprocessing = 0;
		};
/* End PBXResourcesBuildPhase section */

/* Begin PBXSourcesBuildPhase section */
		56BD72202A7AC4F500693880 /* Sources */ = {
			isa = PBXSourcesBuildPhase;
			buildActionMask = 2147483647;
			files = (
				56BD72382A7AC81900693880 /* Kosten.swift in Sources */,
				56BD722A2A7AC4F500693880 /* ContentView.swift in Sources */,
				56BD723A2A7D766800693880 /* AddView.swift in Sources */,
				56BD72362A7AC67F00693880 /* SpesenPosten.swift in Sources */,
				56BD72282A7AC4F500693880 /* Day37_Project_7_part_2_gitApp.swift in Sources */,
			);
			runOnlyForDeploymentPostprocessing = 0;
		};
/* End PBXSourcesBuildPhase section */

/* Begin XCBuildConfiguration section */
		56BD72302A7AC4F800693880 /* Debug */ = {
			isa = XCBuildConfiguration;
			buildSettings = {
				ALWAYS_SEARCH_USER_PATHS = NO;
				CLANG_ANALYZER_NONNULL = YES;
				CLANG_ANALYZER_NUMBER_OBJECT_CONVERSION = YES_AGGRESSIVE;
				CLANG_CXX_LANGUAGE_STANDARD = "gnu++20";
				CLANG_ENABLE_MODULES = YES;
				CLANG_ENABLE_OBJC_ARC = YES;
				CLANG_ENABLE_OBJC_WEAK = YES;
				CLANG_WARN_BLOCK_CAPTURE_AUTORELEASING = YES;
				CLANG_WARN_BOOL_CONVERSION = YES;
				CLANG_WARN_COMMA = YES;
				CLANG_WARN_CONSTANT_CONVERSION = YES;
				CLANG_WARN_DEPRECATED_OBJC_IMPLEMENTATIONS = YES;
				CLANG_WARN_DIRECT_OBJC_ISA_USAGE = YES_ERROR;
				CLANG_WARN_DOCUMENTATION_COMMENTS = YES;
				CLANG_WARN_EMPTY_BODY = YES;
				CLANG_WARN_ENUM_CONVERSION = YES;
				CLANG_WARN_INFINITE_RECURSION = YES;
				CLANG_WARN_INT_CONVERSION = YES;
				CLANG_WARN_NON_LITERAL_NULL_CONVERSION = YES;
				CLANG_WARN_OBJC_IMPLICIT_RETAIN_SELF = YES;
				CLANG_WARN_OBJC_LITERAL_CONVERSION = YES;
				CLANG_WARN_OBJC_ROOT_CLASS = YES_ERROR;
				CLANG_WARN_QUOTED_INCLUDE_IN_FRAMEWORK_HEADER = YES;
				CLANG_WARN_RANGE_LOOP_ANALYSIS = YES;
				CLANG_WARN_STRICT_PROTOTYPES = YES;
				CLANG_WARN_SUSPICIOUS_MOVE = YES;
				CLANG_WARN_UNGUARDED_AVAILABILITY = YES_AGGRESSIVE;
				CLANG_WARN_UNREACHABLE_CODE = YES;
				CLANG_WARN__DUPLICATE_METHOD_MATCH = YES;
				COPY_PHASE_STRIP = NO;
				DEBUG_INFORMATION_FORMAT = dwarf;
				ENABLE_STRICT_OBJC_MSGSEND = YES;
				ENABLE_TESTABILITY = YES;
				GCC_C_LANGUAGE_STANDARD = gnu11;
				GCC_DYNAMIC_NO_PIC = NO;
				GCC_NO_COMMON_BLOCKS = YES;
				GCC_OPTIMIZATION_LEVEL = 0;
				GCC_PREPROCESSOR_DEFINITIONS = (
					"DEBUG=1",
					"$(inherited)",
				);
				GCC_WARN_64_TO_32_BIT_CONVERSION = YES;
				GCC_WARN_ABOUT_RETURN_TYPE = YES_ERROR;
				GCC_WARN_UNDECLARED_SELECTOR = YES;
				GCC_WARN_UNINITIALIZED_AUTOS = YES_AGGRESSIVE;
				GCC_WARN_UNUSED_FUNCTION = YES;
				GCC_WARN_UNUSED_VARIABLE = YES;
				IPHONEOS_DEPLOYMENT_TARGET = 16.4;
				MTL_ENABLE_DEBUG_INFO = INCLUDE_SOURCE;
				MTL_FAST_MATH = YES;
				ONLY_ACTIVE_ARCH = YES;
				SDKROOT = iphoneos;
				SWIFT_ACTIVE_COMPILATION_CONDITIONS = DEBUG;
				SWIFT_OPTIMIZATION_LEVEL = "-Onone";
			};
			name = Debug;
		};
		56BD72312A7AC4F800693880 /* Release */ = {
			isa = XCBuildConfiguration;
			buildSettings = {
				ALWAYS_SEARCH_USER_PATHS = NO;
				CLANG_ANALYZER_NONNULL = YES;
				CLANG_ANALYZER_NUMBER_OBJECT_CONVERSION = YES_AGGRESSIVE;
				CLANG_CXX_LANGUAGE_STANDARD = "gnu++20";
				CLANG_ENABLE_MODULES = YES;
				CLANG_ENABLE_OBJC_ARC = YES;
				CLANG_ENABLE_OBJC_WEAK = YES;
				CLANG_WARN_BLOCK_CAPTURE_AUTORELEASING = YES;
				CLANG_WARN_BOOL_CONVERSION = YES;
				CLANG_WARN_COMMA = YES;
				CLANG_WARN_CONSTANT_CONVERSION = YES;
				CLANG_WARN_DEPRECATED_OBJC_IMPLEMENTATIONS = YES;
				CLANG_WARN_DIRECT_OBJC_ISA_USAGE = YES_ERROR;
				CLANG_WARN_DOCUMENTATION_COMMENTS = YES;
				CLANG_WARN_EMPTY_BODY = YES;
				CLANG_WARN_ENUM_CONVERSION = YES;
				CLANG_WARN_INFINITE_RECURSION = YES;
				CLANG_WARN_INT_CONVERSION = YES;
				CLANG_WARN_NON_LITERAL_NULL_CONVERSION = YES;
				CLANG_WARN_OBJC_IMPLICIT_RETAIN_SELF = YES;
				CLANG_WARN_OBJC_LITERAL_CONVERSION = YES;
				CLANG_WARN_OBJC_ROOT_CLASS = YES_ERROR;
				CLANG_WARN_QUOTED_INCLUDE_IN_FRAMEWORK_HEADER = YES;
				CLANG_WARN_RANGE_LOOP_ANALYSIS = YES;
				CLANG_WARN_STRICT_PROTOTYPES = YES;
				CLANG_WARN_SUSPICIOUS_MOVE = YES;
				CLANG_WARN_UNGUARDED_AVAILABILITY = YES_AGGRESSIVE;
				CLANG_WARN_UNREACHABLE_CODE = YES;
				CLANG_WARN__DUPLICATE_METHOD_MATCH = YES;
				COPY_PHASE_STRIP = NO;
				DEBUG_INFORMATION_FORMAT = "dwarf-with-dsym";
				ENABLE_NS_ASSERTIONS = NO;
				ENABLE_STRICT_OBJC_MSGSEND = YES;
				GCC_C_LANGUAGE_STANDARD = gnu11;
				GCC_NO_COMMON_BLOCKS = YES;
				GCC_WARN_64_TO_32_BIT_CONVERSION = YES;
				GCC_WARN_ABOUT_RETURN_TYPE = YES_ERROR;
				GCC_WARN_UNDECLARED_SELECTOR = YES;
				GCC_WARN_UNINITIALIZED_AUTOS = YES_AGGRESSIVE;
				GCC_WARN_UNUSED_FUNCTION = YES;
				GCC_WARN_UNUSED_VARIABLE = YES;
				IPHONEOS_DEPLOYMENT_TARGET = 16.4;
				MTL_ENABLE_DEBUG_INFO = NO;
				MTL_FAST_MATH = YES;
				SDKROOT = iphoneos;
				SWIFT_COMPILATION_MODE = wholemodule;
				SWIFT_OPTIMIZATION_LEVEL = "-O";
				VALIDATE_PRODUCT = YES;
			};
			name = Release;
		};
		56BD72332A7AC4F800693880 /* Debug */ = {
			isa = XCBuildConfiguration;
			buildSettings = {
				ASSETCATALOG_COMPILER_APPICON_NAME = AppIcon;
				ASSETCATALOG_COMPILER_GLOBAL_ACCENT_COLOR_NAME = AccentColor;
				CODE_SIGN_STYLE = Automatic;
				CURRENT_PROJECT_VERSION = 1;
				DEVELOPMENT_ASSET_PATHS = "\"Day37_Project-7_part_2.git/Preview Content\"";
				DEVELOPMENT_TEAM = T9PS7UYXRY;
				ENABLE_PREVIEWS = YES;
				GENERATE_INFOPLIST_FILE = YES;
				INFOPLIST_KEY_UIApplicationSceneManifest_Generation = YES;
				INFOPLIST_KEY_UIApplicationSupportsIndirectInputEvents = YES;
				INFOPLIST_KEY_UILaunchScreen_Generation = YES;
				INFOPLIST_KEY_UISupportedInterfaceOrientations_iPad = "UIInterfaceOrientationPortrait UIInterfaceOrientationPortraitUpsideDown UIInterfaceOrientationLandscapeLeft UIInterfaceOrientationLandscapeRight";
				INFOPLIST_KEY_UISupportedInterfaceOrientations_iPhone = "UIInterfaceOrientationPortrait UIInterfaceOrientationLandscapeLeft UIInterfaceOrientationLandscapeRight";
				LD_RUNPATH_SEARCH_PATHS = (
					"$(inherited)",
					"@executable_path/Frameworks",
				);
				MARKETING_VERSION = 1.0;
				PRODUCT_BUNDLE_IDENTIFIER = "E.B..Day37-Project-7-part-2-git";
				PRODUCT_NAME = "$(TARGET_NAME)";
				SWIFT_EMIT_LOC_STRINGS = YES;
				SWIFT_VERSION = 5.0;
				TARGETED_DEVICE_FAMILY = "1,2";
			};
			name = Debug;
		};
		56BD72342A7AC4F800693880 /* Release */ = {
			isa = XCBuildConfiguration;
			buildSettings = {
				ASSETCATALOG_COMPILER_APPICON_NAME = AppIcon;
				ASSETCATALOG_COMPILER_GLOBAL_ACCENT_COLOR_NAME = AccentColor;
				CODE_SIGN_STYLE = Automatic;
				CURRENT_PROJECT_VERSION = 1;
				DEVELOPMENT_ASSET_PATHS = "\"Day37_Project-7_part_2.git/Preview Content\"";
				DEVELOPMENT_TEAM = T9PS7UYXRY;
				ENABLE_PREVIEWS = YES;
				GENERATE_INFOPLIST_FILE = YES;
				INFOPLIST_KEY_UIApplicationSceneManifest_Generation = YES;
				INFOPLIST_KEY_UIApplicationSupportsIndirectInputEvents = YES;
				INFOPLIST_KEY_UILaunchScreen_Generation = YES;
				INFOPLIST_KEY_UISupportedInterfaceOrientations_iPad = "UIInterfaceOrientationPortrait UIInterfaceOrientationPortraitUpsideDown UIInterfaceOrientationLandscapeLeft UIInterfaceOrientationLandscapeRight";
				INFOPLIST_KEY_UISupportedInterfaceOrientations_iPhone = "UIInterfaceOrientationPortrait UIInterfaceOrientationLandscapeLeft UIInterfaceOrientationLandscapeRight";
				LD_RUNPATH_SEARCH_PATHS = (
					"$(inherited)",
					"@executable_path/Frameworks",
				);
				MARKETING_VERSION = 1.0;
				PRODUCT_BUNDLE_IDENTIFIER = "E.B..Day37-Project-7-part-2-git";
				PRODUCT_NAME = "$(TARGET_NAME)";
				SWIFT_EMIT_LOC_STRINGS = YES;
				SWIFT_VERSION = 5.0;
				TARGETED_DEVICE_FAMILY = "1,2";
			};
			name = Release;
		};
/* End XCBuildConfiguration section */

/* Begin XCConfigurationList section */
		56BD721F2A7AC4F500693880 /* Build configuration list for PBXProject "Day37_Project-7_part_2.git" */ = {
			isa = XCConfigurationList;
			buildConfigurations = (
				56BD72302A7AC4F800693880 /* Debug */,
				56BD72312A7AC4F800693880 /* Release */,
			);
			defaultConfigurationIsVisible = 0;
			defaultConfigurationName = Release;
		};
		56BD72322A7AC4F800693880 /* Build configuration list for PBXNativeTarget "Day37_Project-7_part_2.git" */ = {
			isa = XCConfigurationList;
			buildConfigurations = (
				56BD72332A7AC4F800693880 /* Debug */,
				56BD72342A7AC4F800693880 /* Release */,
			);
			defaultConfigurationIsVisible = 0;
			defaultConfigurationName = Release;
		};
/* End XCConfigurationList section */
	};
	rootObject = 56BD721C2A7AC4F500693880 /* Project object */;
}
